
Microsoft Visual Studio Solution File, Format Version 12.00
# Visual Studio Version 17
VisualStudioVersion = 17.0.31903.59
MinimumVisualStudioVersion = 10.0.40219.1
Project("{FAE04EC0-301F-11D3-BF4B-00C04F79EFBC}") = "SystemTextJsonIssue.Server", "SystemTextJsonIssue\Server\SystemTextJsonIssue.Server.csproj", "{7D5D2687-899C-4D9A-8C23-07EB352CB620}"
EndProject
Project("{FAE04EC0-301F-11D3-BF4B-00C04F79EFBC}") = "SystemTextJsonIssue.Client", "SystemTextJsonIssue\Client\SystemTextJsonIssue.Client.csproj", "{114B5A44-93E5-4612-B3E5-B0FF2164B467}"
EndProject
Project("{FAE04EC0-301F-11D3-BF4B-00C04F79EFBC}") = "SystemTextJsonIssue.Shared", "SystemTextJsonIssue\Shared\SystemTextJsonIssue.Shared.csproj", "{06936B59-12CD-48D1-9617-9135740A9275}"
EndProject
Global
	GlobalSection(SolutionConfigurationPlatforms) = preSolution
		Debug|Any CPU = Debug|Any CPU
		Release|Any CPU = Release|Any CPU
	EndGlobalSection
	GlobalSection(ProjectConfigurationPlatforms) = postSolution
		{7D5D2687-899C-4D9A-8C23-07EB352CB620}.Debug|Any CPU.ActiveCfg = Debug|Any CPU
		{7D5D2687-899C-4D9A-8C23-07EB352CB620}.Debug|Any CPU.Build.0 = Debug|Any CPU
		{7D5D2687-899C-4D9A-8C23-07EB352CB620}.Release|Any CPU.ActiveCfg = Release|Any CPU
		{7D5D2687-899C-4D9A-8C23-07EB352CB620}.Release|Any CPU.Build.0 = Release|Any CPU
		{114B5A44-93E5-4612-B3E5-B0FF2164B467}.Debug|Any CPU.ActiveCfg = Debug|Any CPU
		{114B5A44-93E5-4612-B3E5-B0FF2164B467}.Debug|Any CPU.Build.0 = Debug|Any CPU
		{114B5A44-93E5-4612-B3E5-B0FF2164B467}.Release|Any CPU.ActiveCfg = Release|Any CPU
		{114B5A44-93E5-4612-B3E5-B0FF2164B467}.Release|Any CPU.Build.0 = Release|Any CPU
		{06936B59-12CD-48D1-9617-9135740A9275}.Debug|Any CPU.ActiveCfg = Debug|Any CPU
		{06936B59-12CD-48D1-9617-9135740A9275}.Debug|Any CPU.Build.0 = Debug|Any CPU
		{06936B59-12CD-48D1-9617-9135740A9275}.Release|Any CPU.ActiveCfg = Release|Any CPU
		{06936B59-12CD-48D1-9617-9135740A9275}.Release|Any CPU.Build.0 = Release|Any CPU
	EndGlobalSection
	GlobalSection(SolutionProperties) = preSolution
		HideSolutionNode = FALSE
	EndGlobalSection
	GlobalSection(ExtensibilityGlobals) = postSolution
		SolutionGuid = {6B45A04A-5763-420A-A63B-4B3E672F193F}
	EndGlobalSection
EndGlobal
